'TdsOnepager.Site:Content.TextBlock':
  superTypes:
    'Neos.Neos:Content': true
    'TdsOnepager.Site:Mixins.ColorStyle': true
    'TdsOnepager.Site:Mixins.TextColumns': true
    'TdsOnepager.Site:Mixins.Animation': true
    'Neos.NodeTypes.BaseMixins:TitleMixin': true
    'Neos.NodeTypes.BaseMixins:TextMixin': true

  ui:
    label: 'Externer Beitrag'
    icon: file-text-o
    inlineEditable: true
    group: general
    position: 20

  properties:
    title:
      ui:
        inline:
          editorOptions:
            placeholder: 'Titel eingeben...'

    author:
      type: string
      ui:
        label: 'Author'
        reloadIfChanged: true
        inline:
          editorOptions:
            placeholder: 'Autor eingeben...'
            formatting:
              left: true
              right: true
              center: true
      search:
        elasticSearchMapping:
          type: string
        indexing: '${value}'
        fulltextExtractor: '${Indexing.extractHtmlTags(value)}'

    authorPosition:
      type: string
      defaultValue: 'top'
      ui:
        label: 'Position Author'
        reloadIfChanged: true
        inspector:
          group: preferences
          editor: 'Neos.Neos/Inspector/Editors/SelectBoxEditor'
          editorOptions:
            values:
              top:
                label: oben
                icon: cloud-upload
              bottom:
                label: unten
                icon: cloud-download
